PODS:
  - Alamofire (3.4.0)
  - Nuke (3.1.1)
  - Nuke-Alamofire-Plugin (0.6.0):
    - Alamofire (~> 3.0)
    - Nuke (~> 3.0)
  - Realm (1.0.0):
    - Realm/Headers (= 1.0.0)
  - Realm/Headers (1.0.0)
  - RealmSwift (1.0.0):
    - Realm (= 1.0.0)
  - SwiftyJSON (2.3.2)

DEPENDENCIES:
  - Alamofire (~> 3.4)
  - Nuke
  - Nuke-Alamofire-Plugin
  - RealmSwift
  - SwiftyJSON

SPEC CHECKSUMS:
  Alamofire: c19a627cefd6a95f840401c49ab1f124e07f54ee
  Nuke: 75fb602d879372a68679293fdfbd758a1769880d
  Nuke-Alamofire-Plugin: 410bdb98360c586f8ca736e04dbba78fa1294aae
  Realm: e15cd8e7c11d3e576f628ba0b7cb855269b4991c
  RealmSwift: 3229306d020d96f83b335f87a0dcbf2cef0e6a2b
  SwiftyJSON: 04ccea08915aa0109039157c7974cf0298da292a

COCOAPODS: 0.39.0
